Microsoft Visual Studio Solution File, Format Version 11.00
# Visual Studio 2010
Project("{FAE04EC0-301F-11D3-BF4B-00C04F79EFBC}") = "TerminalEmulator", "TerminalEmulator\TerminalEmulator.csproj", "{7F80731C-443A-4533-90D1-1643A5C1364E}"
EndProject
Project("{FAE04EC0-301F-11D3-BF4B-00C04F79EFBC}") = "Protocols", "Protocols\Protocols.csproj", "{04F18DA5-BF47-48A3-9B8B-B6B93DCBA875}"
EndProject
Project("{FAE04EC0-301F-11D3-BF4B-00C04F79EFBC}") = "Core", "Core\Core.csproj", "{8A416F19-9031-44A1-B225-BCB31A6BC6A7}"
EndProject
Project("{FAE04EC0-301F-11D3-BF4B-00C04F79EFBC}") = "TerminalSession", "TerminalSession\TerminalSession.csproj", "{4554E83A-2A00-47E2-AB5B-14A228895C17}"
EndProject
Project("{FAE04EC0-301F-11D3-BF4B-00C04F79EFBC}") = "Plugin", "Plugin\Plugin.csproj", "{D84B661B-503E-4C22-892B-7499B72C7E04}"
EndProject
Project("{FAE04EC0-301F-11D3-BF4B-00C04F79EFBC}") = "UI", "UI\UI.csproj", "{9568D8AC-7B55-42E0-ACD7-204E397E7048}"
EndProject
Project("{FAE04EC0-301F-11D3-BF4B-00C04F79EFBC}") = "Usability", "Usability\Usability.csproj", "{7B6BA4DA-8390-4605-B979-C2D1CC09BD9A}"
EndProject
Project("{FAE04EC0-301F-11D3-BF4B-00C04F79EFBC}") = "Granados", "Granados\Granados.csproj", "{9D114B8B-E62C-4FBF-B281-0227755C8091}"
EndProject
Project("{FAE04EC0-301F-11D3-BF4B-00C04F79EFBC}") = "TerminalControl", "TerminalControl\TerminalControl.csproj", "{905A3F58-C505-4B2A-B131-69224A1DA2CC}"
EndProject
Project("{FAE04EC0-301F-11D3-BF4B-00C04F79EFBC}") = "TerminalControlDemo", "TerminalControlDemo\TerminalControlDemo.csproj", "{FB04879C-22BE-4E89-AAAF-6A90C94BCCA9}"
EndProject
Global
	GlobalSection(SolutionConfigurationPlatforms) = preSolution
		Debug(UIDesign)|Any CPU = Debug(UIDesign)|Any CPU
		Debug(UIDesign)|Mixed Platforms = Debug(UIDesign)|Mixed Platforms
		Debug(UIDesign)|x86 = Debug(UIDesign)|x86
		Debug|Any CPU = Debug|Any CPU
		Debug|Mixed Platforms = Debug|Mixed Platforms
		Debug|x86 = Debug|x86
		Release(UIDesign)|Any CPU = Release(UIDesign)|Any CPU
		Release(UIDesign)|Mixed Platforms = Release(UIDesign)|Mixed Platforms
		Release(UIDesign)|x86 = Release(UIDesign)|x86
		Release|Any CPU = Release|Any CPU
		Release|Mixed Platforms = Release|Mixed Platforms
		Release|x86 = Release|x86
		UnitTest|Any CPU = UnitTest|Any CPU
		UnitTest|Mixed Platforms = UnitTest|Mixed Platforms
		UnitTest|x86 = UnitTest|x86
	EndGlobalSection
	GlobalSection(ProjectConfigurationPlatforms) = postSolution
		{7F80731C-443A-4533-90D1-1643A5C1364E}.Debug(UIDesign)|Any CPU.ActiveCfg = Debug|Any CPU
		{7F80731C-443A-4533-90D1-1643A5C1364E}.Debug(UIDesign)|Any CPU.Build.0 = Debug|Any CPU
		{7F80731C-443A-4533-90D1-1643A5C1364E}.Debug(UIDesign)|Mixed Platforms.ActiveCfg = Debug|Any CPU
		{7F80731C-443A-4533-90D1-1643A5C1364E}.Debug(UIDesign)|Mixed Platforms.Build.0 = Debug|Any CPU
		{7F80731C-443A-4533-90D1-1643A5C1364E}.Debug(UIDesign)|x86.ActiveCfg = Debug|Any CPU
		{7F80731C-443A-4533-90D1-1643A5C1364E}.Debug|Any CPU.ActiveCfg = Debug|Any CPU
		{7F80731C-443A-4533-90D1-1643A5C1364E}.Debug|Any CPU.Build.0 = Debug|Any CPU
		{7F80731C-443A-4533-90D1-1643A5C1364E}.Debug|Mixed Platforms.ActiveCfg = Debug|Any CPU
		{7F80731C-443A-4533-90D1-1643A5C1364E}.Debug|Mixed Platforms.Build.0 = Debug|Any CPU
		{7F80731C-443A-4533-90D1-1643A5C1364E}.Debug|x86.ActiveCfg = Debug|Any CPU
		{7F80731C-443A-4533-90D1-1643A5C1364E}.Release(UIDesign)|Any CPU.ActiveCfg = Release|Any CPU
		{7F80731C-443A-4533-90D1-1643A5C1364E}.Release(UIDesign)|Any CPU.Build.0 = Release|Any CPU
		{7F80731C-443A-4533-90D1-1643A5C1364E}.Release(UIDesign)|Mixed Platforms.ActiveCfg = Release|Any CPU
		{7F80731C-443A-4533-90D1-1643A5C1364E}.Release(UIDesign)|Mixed Platforms.Build.0 = Release|Any CPU
		{7F80731C-443A-4533-90D1-1643A5C1364E}.Release(UIDesign)|x86.ActiveCfg = Release|Any CPU
		{7F80731C-443A-4533-90D1-1643A5C1364E}.Release|Any CPU.ActiveCfg = Release|Any CPU
		{7F80731C-443A-4533-90D1-1643A5C1364E}.Release|Any CPU.Build.0 = Release|Any CPU
		{7F80731C-443A-4533-90D1-1643A5C1364E}.Release|Mixed Platforms.ActiveCfg = Release|Any CPU
		{7F80731C-443A-4533-90D1-1643A5C1364E}.Release|Mixed Platforms.Build.0 = Release|Any CPU
		{7F80731C-443A-4533-90D1-1643A5C1364E}.Release|x86.ActiveCfg = Release|Any CPU
		{7F80731C-443A-4533-90D1-1643A5C1364E}.UnitTest|Any CPU.ActiveCfg = UnitTest|Any CPU
		{7F80731C-443A-4533-90D1-1643A5C1364E}.UnitTest|Any CPU.Build.0 = UnitTest|Any CPU
		{7F80731C-443A-4533-90D1-1643A5C1364E}.UnitTest|Mixed Platforms.ActiveCfg = UnitTest|Any CPU
		{7F80731C-443A-4533-90D1-1643A5C1364E}.UnitTest|Mixed Platforms.Build.0 = UnitTest|Any CPU
		{7F80731C-443A-4533-90D1-1643A5C1364E}.UnitTest|x86.ActiveCfg = UnitTest|Any CPU
		{04F18DA5-BF47-48A3-9B8B-B6B93DCBA875}.Debug(UIDesign)|Any CPU.ActiveCfg = Debug|Any CPU
		{04F18DA5-BF47-48A3-9B8B-B6B93DCBA875}.Debug(UIDesign)|Any CPU.Build.0 = Debug|Any CPU
		{04F18DA5-BF47-48A3-9B8B-B6B93DCBA875}.Debug(UIDesign)|Mixed Platforms.ActiveCfg = Debug|Any CPU
		{04F18DA5-BF47-48A3-9B8B-B6B93DCBA875}.Debug(UIDesign)|Mixed Platforms.Build.0 = Debug|Any CPU
		{04F18DA5-BF47-48A3-9B8B-B6B93DCBA875}.Debug(UIDesign)|x86.ActiveCfg = Debug|Any CPU
		{04F18DA5-BF47-48A3-9B8B-B6B93DCBA875}.Debug|Any CPU.ActiveCfg = Debug|Any CPU
		{04F18DA5-BF47-48A3-9B8B-B6B93DCBA875}.Debug|Any CPU.Build.0 = Debug|Any CPU
		{04F18DA5-BF47-48A3-9B8B-B6B93DCBA875}.Debug|Mixed Platforms.ActiveCfg = Debug|Any CPU
		{04F18DA5-BF47-48A3-9B8B-B6B93DCBA875}.Debug|Mixed Platforms.Build.0 = Debug|Any CPU
		{04F18DA5-BF47-48A3-9B8B-B6B93DCBA875}.Debug|x86.ActiveCfg = Debug|Any CPU
		{04F18DA5-BF47-48A3-9B8B-B6B93DCBA875}.Release(UIDesign)|Any CPU.ActiveCfg = Release|Any CPU
		{04F18DA5-BF47-48A3-9B8B-B6B93DCBA875}.Release(UIDesign)|Any CPU.Build.0 = Release|Any CPU
		{04F18DA5-BF47-48A3-9B8B-B6B93DCBA875}.Release(UIDesign)|Mixed Platforms.ActiveCfg = Release|Any CPU
		{04F18DA5-BF47-48A3-9B8B-B6B93DCBA875}.Release(UIDesign)|Mixed Platforms.Build.0 = Release|Any CPU
		{04F18DA5-BF47-48A3-9B8B-B6B93DCBA875}.Release(UIDesign)|x86.ActiveCfg = Release|Any CPU
		{04F18DA5-BF47-48A3-9B8B-B6B93DCBA875}.Release|Any CPU.ActiveCfg = Release|Any CPU
		{04F18DA5-BF47-48A3-9B8B-B6B93DCBA875}.Release|Any CPU.Build.0 = Release|Any CPU
		{04F18DA5-BF47-48A3-9B8B-B6B93DCBA875}.Release|Mixed Platforms.ActiveCfg = Release|Any CPU
		{04F18DA5-BF47-48A3-9B8B-B6B93DCBA875}.Release|Mixed Platforms.Build.0 = Release|Any CPU
		{04F18DA5-BF47-48A3-9B8B-B6B93DCBA875}.Release|x86.ActiveCfg = Release|Any CPU
		{04F18DA5-BF47-48A3-9B8B-B6B93DCBA875}.UnitTest|Any CPU.ActiveCfg = UnitTest|Any CPU
		{04F18DA5-BF47-48A3-9B8B-B6B93DCBA875}.UnitTest|Any CPU.Build.0 = UnitTest|Any CPU
		{04F18DA5-BF47-48A3-9B8B-B6B93DCBA875}.UnitTest|Mixed Platforms.ActiveCfg = UnitTest|Any CPU
		{04F18DA5-BF47-48A3-9B8B-B6B93DCBA875}.UnitTest|Mixed Platforms.Build.0 = UnitTest|Any CPU
		{04F18DA5-BF47-48A3-9B8B-B6B93DCBA875}.UnitTest|x86.ActiveCfg = UnitTest|Any CPU
		{8A416F19-9031-44A1-B225-BCB31A6BC6A7}.Debug(UIDesign)|Any CPU.ActiveCfg = Debug(UIDesign)|Any CPU
		{8A416F19-9031-44A1-B225-BCB31A6BC6A7}.Debug(UIDesign)|Any CPU.Build.0 = Debug(UIDesign)|Any CPU
		{8A416F19-9031-44A1-B225-BCB31A6BC6A7}.Debug(UIDesign)|Mixed Platforms.ActiveCfg = Debug(UIDesign)|Any CPU
		{8A416F19-9031-44A1-B225-BCB31A6BC6A7}.Debug(UIDesign)|Mixed Platforms.Build.0 = Debug(UIDesign)|Any CPU
		{8A416F19-9031-44A1-B225-BCB31A6BC6A7}.Debug(UIDesign)|x86.ActiveCfg = Debug(UIDesign)|Any CPU
		{8A416F19-9031-44A1-B225-BCB31A6BC6A7}.Debug|Any CPU.ActiveCfg = Debug|Any CPU
		{8A416F19-9031-44A1-B225-BCB31A6BC6A7}.Debug|Any CPU.Build.0 = Debug|Any CPU
		{8A416F19-9031-44A1-B225-BCB31A6BC6A7}.Debug|Mixed Platforms.ActiveCfg = Debug|Any CPU
		{8A416F19-9031-44A1-B225-BCB31A6BC6A7}.Debug|Mixed Platforms.Build.0 = Debug|Any CPU
		{8A416F19-9031-44A1-B225-BCB31A6BC6A7}.Debug|x86.ActiveCfg = Debug|Any CPU
		{8A416F19-9031-44A1-B225-BCB31A6BC6A7}.Release(UIDesign)|Any CPU.ActiveCfg = Release(UIDesign)|Any CPU
		{8A416F19-9031-44A1-B225-BCB31A6BC6A7}.Release(UIDesign)|Any CPU.Build.0 = Release(UIDesign)|Any CPU
		{8A416F19-9031-44A1-B225-BCB31A6BC6A7}.Release(UIDesign)|Mixed Platforms.ActiveCfg = Release(UIDesign)|Any CPU
		{8A416F19-9031-44A1-B225-BCB31A6BC6A7}.Release(UIDesign)|Mixed Platforms.Build.0 = Release(UIDesign)|Any CPU
		{8A416F19-9031-44A1-B225-BCB31A6BC6A7}.Release(UIDesign)|x86.ActiveCfg = Release(UIDesign)|Any CPU
		{8A416F19-9031-44A1-B225-BCB31A6BC6A7}.Release|Any CPU.ActiveCfg = Release|Any CPU
		{8A416F19-9031-44A1-B225-BCB31A6BC6A7}.Release|Any CPU.Build.0 = Release|Any CPU
		{8A416F19-9031-44A1-B225-BCB31A6BC6A7}.Release|Mixed Platforms.ActiveCfg = Release|Any CPU
		{8A416F19-9031-44A1-B225-BCB31A6BC6A7}.Release|Mixed Platforms.Build.0 = Release|Any CPU
		{8A416F19-9031-44A1-B225-BCB31A6BC6A7}.Release|x86.ActiveCfg = Release|Any CPU
		{8A416F19-9031-44A1-B225-BCB31A6BC6A7}.UnitTest|Any CPU.ActiveCfg = UnitTest|Any CPU
		{8A416F19-9031-44A1-B225-BCB31A6BC6A7}.UnitTest|Any CPU.Build.0 = UnitTest|Any CPU
		{8A416F19-9031-44A1-B225-BCB31A6BC6A7}.UnitTest|Mixed Platforms.ActiveCfg = UnitTest|Any CPU
		{8A416F19-9031-44A1-B225-BCB31A6BC6A7}.UnitTest|Mixed Platforms.Build.0 = UnitTest|Any CPU
		{8A416F19-9031-44A1-B225-BCB31A6BC6A7}.UnitTest|x86.ActiveCfg = UnitTest|Any CPU
		{4554E83A-2A00-47E2-AB5B-14A228895C17}.Debug(UIDesign)|Any CPU.ActiveCfg = Debug(UIDesign)|Any CPU
		{4554E83A-2A00-47E2-AB5B-14A228895C17}.Debug(UIDesign)|Any CPU.Build.0 = Debug(UIDesign)|Any CPU
		{4554E83A-2A00-47E2-AB5B-14A228895C17}.Debug(UIDesign)|Mixed Platforms.ActiveCfg = Debug(UIDesign)|Any CPU
		{4554E83A-2A00-47E2-AB5B-14A228895C17}.Debug(UIDesign)|Mixed Platforms.Build.0 = Debug(UIDesign)|Any CPU
		{4554E83A-2A00-47E2-AB5B-14A228895C17}.Debug(UIDesign)|x86.ActiveCfg = Debug(UIDesign)|Any CPU
		{4554E83A-2A00-47E2-AB5B-14A228895C17}.Debug|Any CPU.ActiveCfg = Debug|Any CPU
		{4554E83A-2A00-47E2-AB5B-14A228895C17}.Debug|Any CPU.Build.0 = Debug|Any CPU
		{4554E83A-2A00-47E2-AB5B-14A228895C17}.Debug|Mixed Platforms.ActiveCfg = Debug|Any CPU
		{4554E83A-2A00-47E2-AB5B-14A228895C17}.Debug|Mixed Platforms.Build.0 = Debug|Any CPU
		{4554E83A-2A00-47E2-AB5B-14A228895C17}.Debug|x86.ActiveCfg = Debug|Any CPU
		{4554E83A-2A00-47E2-AB5B-14A228895C17}.Release(UIDesign)|Any CPU.ActiveCfg = Release(UIDesign)|Any CPU
		{4554E83A-2A00-47E2-AB5B-14A228895C17}.Release(UIDesign)|Any CPU.Build.0 = Release(UIDesign)|Any CPU
		{4554E83A-2A00-47E2-AB5B-14A228895C17}.Release(UIDesign)|Mixed Platforms.ActiveCfg = Release(UIDesign)|Any CPU
		{4554E83A-2A00-47E2-AB5B-14A228895C17}.Release(UIDesign)|Mixed Platforms.Build.0 = Release(UIDesign)|Any CPU
		{4554E83A-2A00-47E2-AB5B-14A228895C17}.Release(UIDesign)|x86.ActiveCfg = Release(UIDesign)|Any CPU
		{4554E83A-2A00-47E2-AB5B-14A228895C17}.Release|Any CPU.ActiveCfg = Release|Any CPU
		{4554E83A-2A00-47E2-AB5B-14A228895C17}.Release|Any CPU.Build.0 = Release|Any CPU
		{4554E83A-2A00-47E2-AB5B-14A228895C17}.Release|Mixed Platforms.ActiveCfg = Release|Any CPU
		{4554E83A-2A00-47E2-AB5B-14A228895C17}.Release|Mixed Platforms.Build.0 = Release|Any CPU
		{4554E83A-2A00-47E2-AB5B-14A228895C17}.Release|x86.ActiveCfg = Release|Any CPU
		{4554E83A-2A00-47E2-AB5B-14A228895C17}.UnitTest|Any CPU.ActiveCfg = Release|Any CPU
		{4554E83A-2A00-47E2-AB5B-14A228895C17}.UnitTest|Any CPU.Build.0 = Release|Any CPU
		{4554E83A-2A00-47E2-AB5B-14A228895C17}.UnitTest|Mixed Platforms.ActiveCfg = Release(UIDesign)|Any CPU
		{4554E83A-2A00-47E2-AB5B-14A228895C17}.UnitTest|Mixed Platforms.Build.0 = Release(UIDesign)|Any CPU
		{4554E83A-2A00-47E2-AB5B-14A228895C17}.UnitTest|x86.ActiveCfg = Release(UIDesign)|Any CPU
		{D84B661B-503E-4C22-892B-7499B72C7E04}.Debug(UIDesign)|Any CPU.ActiveCfg = Debug|Any CPU
		{D84B661B-503E-4C22-892B-7499B72C7E04}.Debug(UIDesign)|Any CPU.Build.0 = Debug|Any CPU
		{D84B661B-503E-4C22-892B-7499B72C7E04}.Debug(UIDesign)|Mixed Platforms.ActiveCfg = Debug|Any CPU
		{D84B661B-503E-4C22-892B-7499B72C7E04}.Debug(UIDesign)|Mixed Platforms.Build.0 = Debug|Any CPU
		{D84B661B-503E-4C22-892B-7499B72C7E04}.Debug(UIDesign)|x86.ActiveCfg = Debug|Any CPU
		{D84B661B-503E-4C22-892B-7499B72C7E04}.Debug|Any CPU.ActiveCfg = Debug|Any CPU
		{D84B661B-503E-4C22-892B-7499B72C7E04}.Debug|Any CPU.Build.0 = Debug|Any CPU
		{D84B661B-503E-4C22-892B-7499B72C7E04}.Debug|Mixed Platforms.ActiveCfg = Debug|Any CPU
		{D84B661B-503E-4C22-892B-7499B72C7E04}.Debug|Mixed Platforms.Build.0 = Debug|Any CPU
		{D84B661B-503E-4C22-892B-7499B72C7E04}.Debug|x86.ActiveCfg = Debug|Any CPU
		{D84B661B-503E-4C22-892B-7499B72C7E04}.Release(UIDesign)|Any CPU.ActiveCfg = Release|Any CPU
		{D84B661B-503E-4C22-892B-7499B72C7E04}.Release(UIDesign)|Any CPU.Build.0 = Release|Any CPU
		{D84B661B-503E-4C22-892B-7499B72C7E04}.Release(UIDesign)|Mixed Platforms.ActiveCfg = Release|Any CPU
		{D84B661B-503E-4C22-892B-7499B72C7E04}.Release(UIDesign)|Mixed Platforms.Build.0 = Release|Any CPU
		{D84B661B-503E-4C22-892B-7499B72C7E04}.Release(UIDesign)|x86.ActiveCfg = Release|Any CPU
		{D84B661B-503E-4C22-892B-7499B72C7E04}.Release|Any CPU.ActiveCfg = Release|Any CPU
		{D84B661B-503E-4C22-892B-7499B72C7E04}.Release|Any CPU.Build.0 = Release|Any CPU
		{D84B661B-503E-4C22-892B-7499B72C7E04}.Release|Mixed Platforms.ActiveCfg = Release|Any CPU
		{D84B661B-503E-4C22-892B-7499B72C7E04}.Release|Mixed Platforms.Build.0 = Release|Any CPU
		{D84B661B-503E-4C22-892B-7499B72C7E04}.Release|x86.ActiveCfg = Release|Any CPU
		{D84B661B-503E-4C22-892B-7499B72C7E04}.UnitTest|Any CPU.ActiveCfg = UnitTest|Any CPU
		{D84B661B-503E-4C22-892B-7499B72C7E04}.UnitTest|Any CPU.Build.0 = UnitTest|Any CPU
		{D84B661B-503E-4C22-892B-7499B72C7E04}.UnitTest|Mixed Platforms.ActiveCfg = UnitTest|Any CPU
		{D84B661B-503E-4C22-892B-7499B72C7E04}.UnitTest|Mixed Platforms.Build.0 = UnitTest|Any CPU
		{D84B661B-503E-4C22-892B-7499B72C7E04}.UnitTest|x86.ActiveCfg = UnitTest|Any CPU
		{9568D8AC-7B55-42E0-ACD7-204E397E7048}.Debug(UIDesign)|Any CPU.ActiveCfg = Debug|Any CPU
		{9568D8AC-7B55-42E0-ACD7-204E397E7048}.Debug(UIDesign)|Any CPU.Build.0 = Debug|Any CPU
		{9568D8AC-7B55-42E0-ACD7-204E397E7048}.Debug(UIDesign)|Mixed Platforms.ActiveCfg = Debug|Any CPU
		{9568D8AC-7B55-42E0-ACD7-204E397E7048}.Debug(UIDesign)|Mixed Platforms.Build.0 = Debug|Any CPU
		{9568D8AC-7B55-42E0-ACD7-204E397E7048}.Debug(UIDesign)|x86.ActiveCfg = Debug|Any CPU
		{9568D8AC-7B55-42E0-ACD7-204E397E7048}.Debug|Any CPU.ActiveCfg = Debug|Any CPU
		{9568D8AC-7B55-42E0-ACD7-204E397E7048}.Debug|Any CPU.Build.0 = Debug|Any CPU
		{9568D8AC-7B55-42E0-ACD7-204E397E7048}.Debug|Mixed Platforms.ActiveCfg = Debug|Any CPU
		{9568D8AC-7B55-42E0-ACD7-204E397E7048}.Debug|Mixed Platforms.Build.0 = Debug|Any CPU
		{9568D8AC-7B55-42E0-ACD7-204E397E7048}.Debug|x86.ActiveCfg = Debug|Any CPU
		{9568D8AC-7B55-42E0-ACD7-204E397E7048}.Release(UIDesign)|Any CPU.ActiveCfg = Release|Any CPU
		{9568D8AC-7B55-42E0-ACD7-204E397E7048}.Release(UIDesign)|Any CPU.Build.0 = Release|Any CPU
		{9568D8AC-7B55-42E0-ACD7-204E397E7048}.Release(UIDesign)|Mixed Platforms.ActiveCfg = Release|Any CPU
		{9568D8AC-7B55-42E0-ACD7-204E397E7048}.Release(UIDesign)|Mixed Platforms.Build.0 = Release|Any CPU
		{9568D8AC-7B55-42E0-ACD7-204E397E7048}.Release(UIDesign)|x86.ActiveCfg = Release|Any CPU
		{9568D8AC-7B55-42E0-ACD7-204E397E7048}.Release|Any CPU.ActiveCfg = Release|Any CPU
		{9568D8AC-7B55-42E0-ACD7-204E397E7048}.Release|Any CPU.Build.0 = Release|Any CPU
		{9568D8AC-7B55-42E0-ACD7-204E397E7048}.Release|Mixed Platforms.ActiveCfg = Release|Any CPU
		{9568D8AC-7B55-42E0-ACD7-204E397E7048}.Release|Mixed Platforms.Build.0 = Release|Any CPU
		{9568D8AC-7B55-42E0-ACD7-204E397E7048}.Release|x86.ActiveCfg = Release|Any CPU
		{9568D8AC-7B55-42E0-ACD7-204E397E7048}.UnitTest|Any CPU.ActiveCfg = UnitTest|Any CPU
		{9568D8AC-7B55-42E0-ACD7-204E397E7048}.UnitTest|Any CPU.Build.0 = UnitTest|Any CPU
		{9568D8AC-7B55-42E0-ACD7-204E397E7048}.UnitTest|Mixed Platforms.ActiveCfg = UnitTest|Any CPU
		{9568D8AC-7B55-42E0-ACD7-204E397E7048}.UnitTest|Mixed Platforms.Build.0 = UnitTest|Any CPU
		{9568D8AC-7B55-42E0-ACD7-204E397E7048}.UnitTest|x86.ActiveCfg = UnitTest|Any CPU
		{7B6BA4DA-8390-4605-B979-C2D1CC09BD9A}.Debug(UIDesign)|Any CPU.ActiveCfg = Debug|Any CPU
		{7B6BA4DA-8390-4605-B979-C2D1CC09BD9A}.Debug(UIDesign)|Any CPU.Build.0 = Debug|Any CPU
		{7B6BA4DA-8390-4605-B979-C2D1CC09BD9A}.Debug(UIDesign)|Mixed Platforms.ActiveCfg = Debug|Any CPU
		{7B6BA4DA-8390-4605-B979-C2D1CC09BD9A}.Debug(UIDesign)|Mixed Platforms.Build.0 = Debug|Any CPU
		{7B6BA4DA-8390-4605-B979-C2D1CC09BD9A}.Debug(UIDesign)|x86.ActiveCfg = Debug|Any CPU
		{7B6BA4DA-8390-4605-B979-C2D1CC09BD9A}.Debug|Any CPU.ActiveCfg = Debug|Any CPU
		{7B6BA4DA-8390-4605-B979-C2D1CC09BD9A}.Debug|Any CPU.Build.0 = Debug|Any CPU
		{7B6BA4DA-8390-4605-B979-C2D1CC09BD9A}.Debug|Mixed Platforms.ActiveCfg = Debug|Any CPU
		{7B6BA4DA-8390-4605-B979-C2D1CC09BD9A}.Debug|Mixed Platforms.Build.0 = Debug|Any CPU
		{7B6BA4DA-8390-4605-B979-C2D1CC09BD9A}.Debug|x86.ActiveCfg = Debug|Any CPU
		{7B6BA4DA-8390-4605-B979-C2D1CC09BD9A}.Release(UIDesign)|Any CPU.ActiveCfg = Release|Any CPU
		{7B6BA4DA-8390-4605-B979-C2D1CC09BD9A}.Release(UIDesign)|Any CPU.Build.0 = Release|Any CPU
		{7B6BA4DA-8390-4605-B979-C2D1CC09BD9A}.Release(UIDesign)|Mixed Platforms.ActiveCfg = Release|Any CPU
		{7B6BA4DA-8390-4605-B979-C2D1CC09BD9A}.Release(UIDesign)|Mixed Platforms.Build.0 = Release|Any CPU
		{7B6BA4DA-8390-4605-B979-C2D1CC09BD9A}.Release(UIDesign)|x86.ActiveCfg = Release|Any CPU
		{7B6BA4DA-8390-4605-B979-C2D1CC09BD9A}.Release|Any CPU.ActiveCfg = Release|Any CPU
		{7B6BA4DA-8390-4605-B979-C2D1CC09BD9A}.Release|Any CPU.Build.0 = Release|Any CPU
		{7B6BA4DA-8390-4605-B979-C2D1CC09BD9A}.Release|Mixed Platforms.ActiveCfg = Release|Any CPU
		{7B6BA4DA-8390-4605-B979-C2D1CC09BD9A}.Release|Mixed Platforms.Build.0 = Release|Any CPU
		{7B6BA4DA-8390-4605-B979-C2D1CC09BD9A}.Release|x86.ActiveCfg = Release|Any CPU
		{7B6BA4DA-8390-4605-B979-C2D1CC09BD9A}.UnitTest|Any CPU.ActiveCfg = Release|Any CPU
		{7B6BA4DA-8390-4605-B979-C2D1CC09BD9A}.UnitTest|Any CPU.Build.0 = Release|Any CPU
		{7B6BA4DA-8390-4605-B979-C2D1CC09BD9A}.UnitTest|Mixed Platforms.ActiveCfg = Release|Any CPU
		{7B6BA4DA-8390-4605-B979-C2D1CC09BD9A}.UnitTest|Mixed Platforms.Build.0 = Release|Any CPU
		{7B6BA4DA-8390-4605-B979-C2D1CC09BD9A}.UnitTest|x86.ActiveCfg = Release|Any CPU
		{9D114B8B-E62C-4FBF-B281-0227755C8091}.Debug(UIDesign)|Any CPU.ActiveCfg = Debug|Any CPU
		{9D114B8B-E62C-4FBF-B281-0227755C8091}.Debug(UIDesign)|Any CPU.Build.0 = Debug|Any CPU
		{9D114B8B-E62C-4FBF-B281-0227755C8091}.Debug(UIDesign)|Mixed Platforms.ActiveCfg = Debug|Any CPU
		{9D114B8B-E62C-4FBF-B281-0227755C8091}.Debug(UIDesign)|Mixed Platforms.Build.0 = Debug|Any CPU
		{9D114B8B-E62C-4FBF-B281-0227755C8091}.Debug(UIDesign)|x86.ActiveCfg = Debug|Any CPU
		{9D114B8B-E62C-4FBF-B281-0227755C8091}.Debug|Any CPU.ActiveCfg = Debug|Any CPU
		{9D114B8B-E62C-4FBF-B281-0227755C8091}.Debug|Any CPU.Build.0 = Debug|Any CPU
		{9D114B8B-E62C-4FBF-B281-0227755C8091}.Debug|Mixed Platforms.ActiveCfg = Debug|Any CPU
		{9D114B8B-E62C-4FBF-B281-0227755C8091}.Debug|Mixed Platforms.Build.0 = Debug|Any CPU
		{9D114B8B-E62C-4FBF-B281-0227755C8091}.Debug|x86.ActiveCfg = Debug|Any CPU
		{9D114B8B-E62C-4FBF-B281-0227755C8091}.Release(UIDesign)|Any CPU.ActiveCfg = Release|Any CPU
		{9D114B8B-E62C-4FBF-B281-0227755C8091}.Release(UIDesign)|Any CPU.Build.0 = Release|Any CPU
		{9D114B8B-E62C-4FBF-B281-0227755C8091}.Release(UIDesign)|Mixed Platforms.ActiveCfg = Release|Any CPU
		{9D114B8B-E62C-4FBF-B281-0227755C8091}.Release(UIDesign)|Mixed Platforms.Build.0 = Release|Any CPU
		{9D114B8B-E62C-4FBF-B281-0227755C8091}.Release(UIDesign)|x86.ActiveCfg = Release|Any CPU
		{9D114B8B-E62C-4FBF-B281-0227755C8091}.Release|Any CPU.ActiveCfg = Release|Any CPU
		{9D114B8B-E62C-4FBF-B281-0227755C8091}.Release|Any CPU.Build.0 = Release|Any CPU
		{9D114B8B-E62C-4FBF-B281-0227755C8091}.Release|Mixed Platforms.ActiveCfg = Release|Any CPU
		{9D114B8B-E62C-4FBF-B281-0227755C8091}.Release|Mixed Platforms.Build.0 = Release|Any CPU
		{9D114B8B-E62C-4FBF-B281-0227755C8091}.Release|x86.ActiveCfg = Release|Any CPU
		{9D114B8B-E62C-4FBF-B281-0227755C8091}.UnitTest|Any CPU.ActiveCfg = UnitTest|Any CPU
		{9D114B8B-E62C-4FBF-B281-0227755C8091}.UnitTest|Any CPU.Build.0 = UnitTest|Any CPU
		{9D114B8B-E62C-4FBF-B281-0227755C8091}.UnitTest|Mixed Platforms.ActiveCfg = UnitTest|Any CPU
		{9D114B8B-E62C-4FBF-B281-0227755C8091}.UnitTest|Mixed Platforms.Build.0 = UnitTest|Any CPU
		{9D114B8B-E62C-4FBF-B281-0227755C8091}.UnitTest|x86.ActiveCfg = UnitTest|Any CPU
		{905A3F58-C505-4B2A-B131-69224A1DA2CC}.Debug(UIDesign)|Any CPU.ActiveCfg = Debug|Any CPU
		{905A3F58-C505-4B2A-B131-69224A1DA2CC}.Debug(UIDesign)|Any CPU.Build.0 = Debug|Any CPU
		{905A3F58-C505-4B2A-B131-69224A1DA2CC}.Debug(UIDesign)|Mixed Platforms.ActiveCfg = Debug|Any CPU
		{905A3F58-C505-4B2A-B131-69224A1DA2CC}.Debug(UIDesign)|Mixed Platforms.Build.0 = Debug|Any CPU
		{905A3F58-C505-4B2A-B131-69224A1DA2CC}.Debug(UIDesign)|x86.ActiveCfg = Debug|Any CPU
		{905A3F58-C505-4B2A-B131-69224A1DA2CC}.Debug|Any CPU.ActiveCfg = Debug|Any CPU
		{905A3F58-C505-4B2A-B131-69224A1DA2CC}.Debug|Any CPU.Build.0 = Debug|Any CPU
		{905A3F58-C505-4B2A-B131-69224A1DA2CC}.Debug|Mixed Platforms.ActiveCfg = Debug|Any CPU
		{905A3F58-C505-4B2A-B131-69224A1DA2CC}.Debug|Mixed Platforms.Build.0 = Debug|Any CPU
		{905A3F58-C505-4B2A-B131-69224A1DA2CC}.Debug|x86.ActiveCfg = Debug|Any CPU
		{905A3F58-C505-4B2A-B131-69224A1DA2CC}.Release(UIDesign)|Any CPU.ActiveCfg = Release|Any CPU
		{905A3F58-C505-4B2A-B131-69224A1DA2CC}.Release(UIDesign)|Any CPU.Build.0 = Release|Any CPU
		{905A3F58-C505-4B2A-B131-69224A1DA2CC}.Release(UIDesign)|Mixed Platforms.ActiveCfg = Release|Any CPU
		{905A3F58-C505-4B2A-B131-69224A1DA2CC}.Release(UIDesign)|Mixed Platforms.Build.0 = Release|Any CPU
		{905A3F58-C505-4B2A-B131-69224A1DA2CC}.Release(UIDesign)|x86.ActiveCfg = Release|Any CPU
		{905A3F58-C505-4B2A-B131-69224A1DA2CC}.Release|Any CPU.ActiveCfg = Release|Any CPU
		{905A3F58-C505-4B2A-B131-69224A1DA2CC}.Release|Any CPU.Build.0 = Release|Any CPU
		{905A3F58-C505-4B2A-B131-69224A1DA2CC}.Release|Mixed Platforms.ActiveCfg = Release|Any CPU
		{905A3F58-C505-4B2A-B131-69224A1DA2CC}.Release|Mixed Platforms.Build.0 = Release|Any CPU
		{905A3F58-C505-4B2A-B131-69224A1DA2CC}.Release|x86.ActiveCfg = Release|Any CPU
		{905A3F58-C505-4B2A-B131-69224A1DA2CC}.UnitTest|Any CPU.ActiveCfg = Release|Any CPU
		{905A3F58-C505-4B2A-B131-69224A1DA2CC}.UnitTest|Any CPU.Build.0 = Release|Any CPU
		{905A3F58-C505-4B2A-B131-69224A1DA2CC}.UnitTest|Mixed Platforms.ActiveCfg = Release|Any CPU
		{905A3F58-C505-4B2A-B131-69224A1DA2CC}.UnitTest|Mixed Platforms.Build.0 = Release|Any CPU
		{905A3F58-C505-4B2A-B131-69224A1DA2CC}.UnitTest|x86.ActiveCfg = Release|Any CPU
		{FB04879C-22BE-4E89-AAAF-6A90C94BCCA9}.Debug(UIDesign)|Any CPU.ActiveCfg = Debug|x86
		{FB04879C-22BE-4E89-AAAF-6A90C94BCCA9}.Debug(UIDesign)|Mixed Platforms.ActiveCfg = Debug|x86
		{FB04879C-22BE-4E89-AAAF-6A90C94BCCA9}.Debug(UIDesign)|Mixed Platforms.Build.0 = Debug|x86
		{FB04879C-22BE-4E89-AAAF-6A90C94BCCA9}.Debug(UIDesign)|x86.ActiveCfg = Debug|x86
		{FB04879C-22BE-4E89-AAAF-6A90C94BCCA9}.Debug(UIDesign)|x86.Build.0 = Debug|x86
		{FB04879C-22BE-4E89-AAAF-6A90C94BCCA9}.Debug|Any CPU.ActiveCfg = Debug|x86
		{FB04879C-22BE-4E89-AAAF-6A90C94BCCA9}.Debug|Mixed Platforms.ActiveCfg = Debug|x86
		{FB04879C-22BE-4E89-AAAF-6A90C94BCCA9}.Debug|Mixed Platforms.Build.0 = Debug|x86
		{FB04879C-22BE-4E89-AAAF-6A90C94BCCA9}.Debug|x86.ActiveCfg = Debug|x86
		{FB04879C-22BE-4E89-AAAF-6A90C94BCCA9}.Debug|x86.Build.0 = Debug|x86
		{FB04879C-22BE-4E89-AAAF-6A90C94BCCA9}.Release(UIDesign)|Any CPU.ActiveCfg = Release|x86
		{FB04879C-22BE-4E89-AAAF-6A90C94BCCA9}.Release(UIDesign)|Mixed Platforms.ActiveCfg = Release|x86
		{FB04879C-22BE-4E89-AAAF-6A90C94BCCA9}.Release(UIDesign)|Mixed Platforms.Build.0 = Release|x86
		{FB04879C-22BE-4E89-AAAF-6A90C94BCCA9}.Release(UIDesign)|x86.ActiveCfg = Release|x86
		{FB04879C-22BE-4E89-AAAF-6A90C94BCCA9}.Release(UIDesign)|x86.Build.0 = Release|x86
		{FB04879C-22BE-4E89-AAAF-6A90C94BCCA9}.Release|Any CPU.ActiveCfg = Release|x86
		{FB04879C-22BE-4E89-AAAF-6A90C94BCCA9}.Release|Mixed Platforms.ActiveCfg = Release|x86
		{FB04879C-22BE-4E89-AAAF-6A90C94BCCA9}.Release|Mixed Platforms.Build.0 = Release|x86
		{FB04879C-22BE-4E89-AAAF-6A90C94BCCA9}.Release|x86.ActiveCfg = Release|x86
		{FB04879C-22BE-4E89-AAAF-6A90C94BCCA9}.Release|x86.Build.0 = Release|x86
		{FB04879C-22BE-4E89-AAAF-6A90C94BCCA9}.UnitTest|Any CPU.ActiveCfg = Release|x86
		{FB04879C-22BE-4E89-AAAF-6A90C94BCCA9}.UnitTest|Mixed Platforms.ActiveCfg = Release|x86
		{FB04879C-22BE-4E89-AAAF-6A90C94BCCA9}.UnitTest|Mixed Platforms.Build.0 = Release|x86
		{FB04879C-22BE-4E89-AAAF-6A90C94BCCA9}.UnitTest|x86.ActiveCfg = Release|x86
		{FB04879C-22BE-4E89-AAAF-6A90C94BCCA9}.UnitTest|x86.Build.0 = Release|x86
	EndGlobalSection
	GlobalSection(SolutionProperties) = preSolution
		HideSolutionNode = FALSE
	EndGlobalSection
EndGlobal
